// !$*UTF8*$!
{
	archiveVersion = 1;
	classes = {
	};
	objectVersion = 56;
	objects = {

/* Begin PBXBuildFile section */
		DF8531432A37267200FEB708 /* SwiftUIDemo07App.swift in Sources */ = {isa = PBXBuildFile; fileRef = DF8531422A37267200FEB708 /* SwiftUIDemo07App.swift */; };
		DF8531452A37267200FEB708 /* ContentView.swift in Sources */ = {isa = PBXBuildFile; fileRef = DF8531442A37267200FEB708 /* ContentView.swift */; };
		DF8531472A37267400FEB708 /* Assets.xcassets in Resources */ = {isa = PBXBuildFile; fileRef = DF8531462A37267400FEB708 /* Assets.xcassets */; };
		DF85314A2A37267400FEB708 /* Preview Assets.xcassets in Resources */ = {isa = PBXBuildFile; fileRef = DF8531492A37267400FEB708 /* Preview Assets.xcassets */; };
		DF8531512A3726BC00FEB708 /* KeywordBubble.swift in Sources */ = {isa = PBXBuildFile; fileRef = DF8531502A3726BC00FEB708 /* KeywordBubble.swift */; };
		DF8531532A37FE9200FEB708 /* CaptionedPhoto.swift in Sources */ = {isa = PBXBuildFile; fileRef = DF8531522A37FE9200FEB708 /* CaptionedPhoto.swift */; };
		DF8531552A38032C00FEB708 /* IfElseTrain.swift in Sources */ = {isa = PBXBuildFile; fileRef = DF8531542A38032C00FEB708 /* IfElseTrain.swift */; };
		DF8531572A3804EE00FEB708 /* EventTile.swift in Sources */ = {isa = PBXBuildFile; fileRef = DF8531562A3804EE00FEB708 /* EventTile.swift */; };
/* End PBXBuildFile section */

/* Begin PBXFileReference section */
		DF85313F2A37267200FEB708 /* SwiftUIDemo07.app */ = {isa = PBXFileReference; explicitFileType = wrapper.application; includeInIndex = 0; path = SwiftUIDemo07.app; sourceTree = BUILT_PRODUCTS_DIR; };
		DF8531422A37267200FEB708 /* SwiftUIDemo07App.swift */ = {isa = PBXFileReference; lastKnownFileType = sourcecode.swift; path = SwiftUIDemo07App.swift; sourceTree = "<group>"; };
		DF8531442A37267200FEB708 /* ContentView.swift */ = {isa = PBXFileReference; lastKnownFileType = sourcecode.swift; path = ContentView.swift; sourceTree = "<group>"; };
		DF8531462A37267400FEB708 /* Assets.xcassets */ = {isa = PBXFileReference; lastKnownFileType = folder.assetcatalog; path = Assets.xcassets; sourceTree = "<group>"; };
		DF8531492A37267400FEB708 /* Preview Assets.xcassets */ = {isa = PBXFileReference; lastKnownFileType = folder.assetcatalog; path = "Preview Assets.xcassets"; sourceTree = "<group>"; };
		DF8531502A3726BC00FEB708 /* KeywordBubble.swift */ = {isa = PBXFileReference; lastKnownFileType = sourcecode.swift; path = KeywordBubble.swift; sourceTree = "<group>"; };
		DF8531522A37FE9200FEB708 /* CaptionedPhoto.swift */ = {isa = PBXFileReference; lastKnownFileType = sourcecode.swift; path = CaptionedPhoto.swift; sourceTree = "<group>"; };
		DF8531542A38032C00FEB708 /* IfElseTrain.swift */ = {isa = PBXFileReference; lastKnownFileType = sourcecode.swift; path = IfElseTrain.swift; sourceTree = "<group>"; };
		DF8531562A3804EE00FEB708 /* EventTile.swift */ = {isa = PBXFileReference; lastKnownFileType = sourcecode.swift; path = EventTile.swift; sourceTree = "<group>"; };
/* End PBXFileReference section */

/* Begin PBXFrameworksBuildPhase section */
		DF85313C2A37267200FEB708 /* Frameworks */ = {
			isa = PBXFrameworksBuildPhase;
			buildActionMask = 2147483647;
			files = (
			);
			runOnlyForDeploymentPostprocessing = 0;
		};
/* End PBXFrameworksBuildPhase section */

/* Begin PBXGroup section */
		DF8531362A37267200FEB708 = {
			isa = PBXGroup;
			children = (
				DF8531412A37267200FEB708 /* SwiftUIDemo07 */,
				DF8531402A37267200FEB708 /* Products */,
			);
			sourceTree = "<group>";
		};
		DF8531402A37267200FEB708 /* Products */ = {
			isa = PBXGroup;
			children = (
				DF85313F2A37267200FEB708 /* SwiftUIDemo07.app */,
			);
			name = Products;
			sourceTree = "<group>";
		};
		DF8531412A37267200FEB708 /* SwiftUIDemo07 */ = {
			isa = PBXGroup;
			children = (
				DF8531422A37267200FEB708 /* SwiftUIDemo07App.swift */,
				DF8531442A37267200FEB708 /* ContentView.swift */,
				DF8531462A37267400FEB708 /* Assets.xcassets */,
				DF8531482A37267400FEB708 /* Preview Content */,
				DF8531502A3726BC00FEB708 /* KeywordBubble.swift */,
				DF8531522A37FE9200FEB708 /* CaptionedPhoto.swift */,
				DF8531542A38032C00FEB708 /* IfElseTrain.swift */,
				DF8531562A3804EE00FEB708 /* EventTile.swift */,
			);
			path = SwiftUIDemo07;
			sourceTree = "<group>";
		};
		DF8531482A37267400FEB708 /* Preview Content */ = {
			isa = PBXGroup;
			children = (
				DF8531492A37267400FEB708 /* Preview Assets.xcassets */,
			);
			path = "Preview Content";
			sourceTree = "<group>";
		};
/* End PBXGroup section */

/* Begin PBXNativeTarget section */
		DF85313E2A37267200FEB708 /* SwiftUIDemo07 */ = {
			isa = PBXNativeTarget;
			buildConfigurationList = DF85314D2A37267400FEB708 /* Build configuration list for PBXNativeTarget "SwiftUIDemo07" */;
			buildPhases = (
				DF85313B2A37267200FEB708 /* Sources */,
				DF85313C2A37267200FEB708 /* Frameworks */,
				DF85313D2A37267200FEB708 /* Resources */,
			);
			buildRules = (
			);
			dependencies = (
			);
			name = SwiftUIDemo07;
			productName = SwiftUIDemo07;
			productReference = DF85313F2A37267200FEB708 /* SwiftUIDemo07.app */;
			productType = "com.apple.product-type.application";
		};
/* End PBXNativeTarget section */

/* Begin PBXProject section */
		DF8531372A37267200FEB708 /* Project object */ = {
			isa = PBXProject;
			attributes = {
				BuildIndependentTargetsInParallel = 1;
				LastSwiftUpdateCheck = 1420;
				LastUpgradeCheck = 1420;
				TargetAttributes = {
					DF85313E2A37267200FEB708 = {
						CreatedOnToolsVersion = 14.2;
					};
				};
			};
			buildConfigurationList = DF85313A2A37267200FEB708 /* Build configuration list for PBXProject "SwiftUIDemo07" */;
			compatibilityVersion = "Xcode 14.0";
			developmentRegion = en;
			hasScannedForEncodings = 0;
			knownRegions = (
				en,
				Base,
			);
			mainGroup = DF8531362A37267200FEB708;
			productRefGroup = DF8531402A37267200FEB708 /* Products */;
			projectDirPath = "";
			projectRoot = "";
			targets = (
				DF85313E2A37267200FEB708 /* SwiftUIDemo07 */,
			);
		};
/* End PBXProject section */

/* Begin PBXResourcesBuildPhase section */
		DF85313D2A37267200FEB708 /* Resources */ = {
			isa = PBXResourcesBuildPhase;
			buildActionMask = 2147483647;
			files = (
				DF85314A2A37267400FEB708 /* Preview Assets.xcassets in Resources */,
				DF8531472A37267400FEB708 /* Assets.xcassets in Resources */,
			);
			runOnlyForDeploymentPostprocessing = 0;
		};
/* End PBXResourcesBuildPhase section */

/* Begin PBXSourcesBuildPhase section */
		DF85313B2A37267200FEB708 /* Sources */ = {
			isa = PBXSourcesBuildPhase;
			buildActionMask = 2147483647;
			files = (
				DF8531572A3804EE00FEB708 /* EventTile.swift in Sources */,
				DF8531532A37FE9200FEB708 /* CaptionedPhoto.swift in Sources */,
				DF8531552A38032C00FEB708 /* IfElseTrain.swift in Sources */,
				DF8531512A3726BC00FEB708 /* KeywordBubble.swift in Sources */,
				DF8531452A37267200FEB708 /* ContentView.swift in Sources */,
				DF8531432A37267200FEB708 /* SwiftUIDemo07App.swift in Sources */,
			);
			runOnlyForDeploymentPostprocessing = 0;
		};
/* End PBXSourcesBuildPhase section */

/* Begin XCBuildConfiguration section */
		DF85314B2A37267400FEB708 /* Debug */ = {
			isa = XCBuildConfiguration;
			buildSettings = {
				ALWAYS_SEARCH_USER_PATHS = NO;
				CLANG_ANALYZER_NONNULL = YES;
				CLANG_ANALYZER_NUMBER_OBJECT_CONVERSION = YES_AGGRESSIVE;
				CLANG_CXX_LANGUAGE_STANDARD = "gnu++20";
				CLANG_ENABLE_MODULES = YES;
				CLANG_ENABLE_OBJC_ARC = YES;
				CLANG_ENABLE_OBJC_WEAK = YES;
				CLANG_WARN_BLOCK_CAPTURE_AUTORELEASING = YES;
				CLANG_WARN_BOOL_CONVERSION = YES;
				CLANG_WARN_COMMA = YES;
				CLANG_WARN_CONSTANT_CONVERSION = YES;
				CLANG_WARN_DEPRECATED_OBJC_IMPLEMENTATIONS = YES;
				CLANG_WARN_DIRECT_OBJC_ISA_USAGE = YES_ERROR;
				CLANG_WARN_DOCUMENTATION_COMMENTS = YES;
				CLANG_WARN_EMPTY_BODY = YES;
				CLANG_WARN_ENUM_CONVERSION = YES;
				CLANG_WARN_INFINITE_RECURSION = YES;
				CLANG_WARN_INT_CONVERSION = YES;
				CLANG_WARN_NON_LITERAL_NULL_CONVERSION = YES;
				CLANG_WARN_OBJC_IMPLICIT_RETAIN_SELF = YES;
				CLANG_WARN_OBJC_LITERAL_CONVERSION = YES;
				CLANG_WARN_OBJC_ROOT_CLASS = YES_ERROR;
				CLANG_WARN_QUOTED_INCLUDE_IN_FRAMEWORK_HEADER = YES;
				CLANG_WARN_RANGE_LOOP_ANALYSIS = YES;
				CLANG_WARN_STRICT_PROTOTYPES = YES;
				CLANG_WARN_SUSPICIOUS_MOVE = YES;
				CLANG_WARN_UNGUARDED_AVAILABILITY = YES_AGGRESSIVE;
				CLANG_WARN_UNREACHABLE_CODE = YES;
				CLANG_WARN__DUPLICATE_METHOD_MATCH = YES;
				COPY_PHASE_STRIP = NO;
				DEBUG_INFORMATION_FORMAT = dwarf;
				ENABLE_STRICT_OBJC_MSGSEND = YES;
				ENABLE_TESTABILITY = YES;
				GCC_C_LANGUAGE_STANDARD = gnu11;
				GCC_DYNAMIC_NO_PIC = NO;
				GCC_NO_COMMON_BLOCKS = YES;
				GCC_OPTIMIZATION_LEVEL = 0;
				GCC_PREPROCESSOR_DEFINITIONS = (
					"DEBUG=1",
					"$(inherited)",
				);
				GCC_WARN_64_TO_32_BIT_CONVERSION = YES;
				GCC_WARN_ABOUT_RETURN_TYPE = YES_ERROR;
				GCC_WARN_UNDECLARED_SELECTOR = YES;
				GCC_WARN_UNINITIALIZED_AUTOS = YES_AGGRESSIVE;
				GCC_WARN_UNUSED_FUNCTION = YES;
				GCC_WARN_UNUSED_VARIABLE = YES;
				IPHONEOS_DEPLOYMENT_TARGET = 16.2;
				MTL_ENABLE_DEBUG_INFO = INCLUDE_SOURCE;
				MTL_FAST_MATH = YES;
				ONLY_ACTIVE_ARCH = YES;
				SDKROOT = iphoneos;
				SWIFT_ACTIVE_COMPILATION_CONDITIONS = DEBUG;
				SWIFT_OPTIMIZATION_LEVEL = "-Onone";
			};
			name = Debug;
		};
		DF85314C2A37267400FEB708 /* Release */ = {
			isa = XCBuildConfiguration;
			buildSettings = {
				ALWAYS_SEARCH_USER_PATHS = NO;
				CLANG_ANALYZER_NONNULL = YES;
				CLANG_ANALYZER_NUMBER_OBJECT_CONVERSION = YES_AGGRESSIVE;
				CLANG_CXX_LANGUAGE_STANDARD = "gnu++20";
				CLANG_ENABLE_MODULES = YES;
				CLANG_ENABLE_OBJC_ARC = YES;
				CLANG_ENABLE_OBJC_WEAK = YES;
				CLANG_WARN_BLOCK_CAPTURE_AUTORELEASING = YES;
				CLANG_WARN_BOOL_CONVERSION = YES;
				CLANG_WARN_COMMA = YES;
				CLANG_WARN_CONSTANT_CONVERSION = YES;
				CLANG_WARN_DEPRECATED_OBJC_IMPLEMENTATIONS = YES;
				CLANG_WARN_DIRECT_OBJC_ISA_USAGE = YES_ERROR;
				CLANG_WARN_DOCUMENTATION_COMMENTS = YES;
				CLANG_WARN_EMPTY_BODY = YES;
				CLANG_WARN_ENUM_CONVERSION = YES;
				CLANG_WARN_INFINITE_RECURSION = YES;
				CLANG_WARN_INT_CONVERSION = YES;
				CLANG_WARN_NON_LITERAL_NULL_CONVERSION = YES;
				CLANG_WARN_OBJC_IMPLICIT_RETAIN_SELF = YES;
				CLANG_WARN_OBJC_LITERAL_CONVERSION = YES;
				CLANG_WARN_OBJC_ROOT_CLASS = YES_ERROR;
				CLANG_WARN_QUOTED_INCLUDE_IN_FRAMEWORK_HEADER = YES;
				CLANG_WARN_RANGE_LOOP_ANALYSIS = YES;
				CLANG_WARN_STRICT_PROTOTYPES = YES;
				CLANG_WARN_SUSPICIOUS_MOVE = YES;
				CLANG_WARN_UNGUARDED_AVAILABILITY = YES_AGGRESSIVE;
				CLANG_WARN_UNREACHABLE_CODE = YES;
				CLANG_WARN__DUPLICATE_METHOD_MATCH = YES;
				COPY_PHASE_STRIP = NO;
				DEBUG_INFORMATION_FORMAT = "dwarf-with-dsym";
				ENABLE_NS_ASSERTIONS = NO;
				ENABLE_STRICT_OBJC_MSGSEND = YES;
				GCC_C_LANGUAGE_STANDARD = gnu11;
				GCC_NO_COMMON_BLOCKS = YES;
				GCC_WARN_64_TO_32_BIT_CONVERSION = YES;
				GCC_WARN_ABOUT_RETURN_TYPE = YES_ERROR;
				GCC_WARN_UNDECLARED_SELECTOR = YES;
				GCC_WARN_UNINITIALIZED_AUTOS = YES_AGGRESSIVE;
				GCC_WARN_UNUSED_FUNCTION = YES;
				GCC_WARN_UNUSED_VARIABLE = YES;
				IPHONEOS_DEPLOYMENT_TARGET = 16.2;
				MTL_ENABLE_DEBUG_INFO = NO;
				MTL_FAST_MATH = YES;
				SDKROOT = iphoneos;
				SWIFT_COMPILATION_MODE = wholemodule;
				SWIFT_OPTIMIZATION_LEVEL = "-O";
				VALIDATE_PRODUCT = YES;
			};
			name = Release;
		};
		DF85314E2A37267400FEB708 /* Debug */ = {
			isa = XCBuildConfiguration;
			buildSettings = {
				ASSETCATALOG_COMPILER_APPICON_NAME = AppIcon;
				ASSETCATALOG_COMPILER_GLOBAL_ACCENT_COLOR_NAME = AccentColor;
				CODE_SIGN_STYLE = Automatic;
				CURRENT_PROJECT_VERSION = 1;
				DEVELOPMENT_ASSET_PATHS = "\"SwiftUIDemo07/Preview Content\"";
				DEVELOPMENT_TEAM = 475QH33KPT;
				ENABLE_PREVIEWS = YES;
				GENERATE_INFOPLIST_FILE = YES;
				INFOPLIST_KEY_UIApplicationSceneManifest_Generation = YES;
				INFOPLIST_KEY_UIApplicationSupportsIndirectInputEvents = YES;
				INFOPLIST_KEY_UILaunchScreen_Generation = YES;
				INFOPLIST_KEY_UISupportedInterfaceOrientations_iPad = "UIInterfaceOrientationPortrait UIInterfaceOrientationPortraitUpsideDown UIInterfaceOrientationLandscapeLeft UIInterfaceOrientationLandscapeRight";
				INFOPLIST_KEY_UISupportedInterfaceOrientations_iPhone = "UIInterfaceOrientationPortrait UIInterfaceOrientationLandscapeLeft UIInterfaceOrientationLandscapeRight";
				LD_RUNPATH_SEARCH_PATHS = (
					"$(inherited)",
					"@executable_path/Frameworks",
				);
				MARKETING_VERSION = 1.0;
				PRODUCT_BUNDLE_IDENTIFIER = com.uleapp.SwiftUIDemo07;
				PRODUCT_NAME = "$(TARGET_NAME)";
				SWIFT_EMIT_LOC_STRINGS = YES;
				SWIFT_VERSION = 5.0;
				TARGETED_DEVICE_FAMILY = "1,2";
			};
			name = Debug;
		};
		DF85314F2A37267400FEB708 /* Release */ = {
			isa = XCBuildConfiguration;
			buildSettings = {
				ASSETCATALOG_COMPILER_APPICON_NAME = AppIcon;
				ASSETCATALOG_COMPILER_GLOBAL_ACCENT_COLOR_NAME = AccentColor;
				CODE_SIGN_STYLE = Automatic;
				CURRENT_PROJECT_VERSION = 1;
				DEVELOPMENT_ASSET_PATHS = "\"SwiftUIDemo07/Preview Content\"";
				DEVELOPMENT_TEAM = 475QH33KPT;
				ENABLE_PREVIEWS = YES;
				GENERATE_INFOPLIST_FILE = YES;
				INFOPLIST_KEY_UIApplicationSceneManifest_Generation = YES;
				INFOPLIST_KEY_UIApplicationSupportsIndirectInputEvents = YES;
				INFOPLIST_KEY_UILaunchScreen_Generation = YES;
				INFOPLIST_KEY_UISupportedInterfaceOrientations_iPad = "UIInterfaceOrientationPortrait UIInterfaceOrientationPortraitUpsideDown UIInterfaceOrientationLandscapeLeft UIInterfaceOrientationLandscapeRight";
				INFOPLIST_KEY_UISupportedInterfaceOrientations_iPhone = "UIInterfaceOrientationPortrait UIInterfaceOrientationLandscapeLeft UIInterfaceOrientationLandscapeRight";
				LD_RUNPATH_SEARCH_PATHS = (
					"$(inherited)",
					"@executable_path/Frameworks",
				);
				MARKETING_VERSION = 1.0;
				PRODUCT_BUNDLE_IDENTIFIER = com.uleapp.SwiftUIDemo07;
				PRODUCT_NAME = "$(TARGET_NAME)";
				SWIFT_EMIT_LOC_STRINGS = YES;
				SWIFT_VERSION = 5.0;
				TARGETED_DEVICE_FAMILY = "1,2";
			};
			name = Release;
		};
/* End XCBuildConfiguration section */

/* Begin XCConfigurationList section */
		DF85313A2A37267200FEB708 /* Build configuration list for PBXProject "SwiftUIDemo07" */ = {
			isa = XCConfigurationList;
			buildConfigurations = (
				DF85314B2A37267400FEB708 /* Debug */,
				DF85314C2A37267400FEB708 /* Release */,
			);
			defaultConfigurationIsVisible = 0;
			defaultConfigurationName = Release;
		};
		DF85314D2A37267400FEB708 /* Build configuration list for PBXNativeTarget "SwiftUIDemo07" */ = {
			isa = XCConfigurationList;
			buildConfigurations = (
				DF85314E2A37267400FEB708 /* Debug */,
				DF85314F2A37267400FEB708 /* Release */,
			);
			defaultConfigurationIsVisible = 0;
			defaultConfigurationName = Release;
		};
/* End XCConfigurationList section */
	};
	rootObject = DF8531372A37267200FEB708 /* Project object */;
}
