// !$*UTF8*$!
{
	archiveVersion = 1;
	classes = {
	};
	objectVersion = 56;
	objects = {

/* Begin PBXBuildFile section */
		DF0299382A29800800B7F11D /* SwiftUIDemo05App.swift in Sources */ = {isa = PBXBuildFile; fileRef = DF0299372A29800800B7F11D /* SwiftUIDemo05App.swift */; };
		DF02993A2A29800800B7F11D /* ContentView.swift in Sources */ = {isa = PBXBuildFile; fileRef = DF0299392A29800800B7F11D /* ContentView.swift */; };
		DF02993C2A29800900B7F11D /* Assets.xcassets in Resources */ = {isa = PBXBuildFile; fileRef = DF02993B2A29800900B7F11D /* Assets.xcassets */; };
		DF02993F2A29800900B7F11D /* Preview Assets.xcassets in Resources */ = {isa = PBXBuildFile; fileRef = DF02993E2A29800900B7F11D /* Preview Assets.xcassets */; };
		DF0299462A29808500B7F11D /* HexagonParameters.swift in Sources */ = {isa = PBXBuildFile; fileRef = DF0299452A29808500B7F11D /* HexagonParameters.swift */; };
		DF0299482A29828C00B7F11D /* BadgeBackground.swift in Sources */ = {isa = PBXBuildFile; fileRef = DF0299472A29828C00B7F11D /* BadgeBackground.swift */; };
		DF02994A2A29892C00B7F11D /* BadgeSymbol.swift in Sources */ = {isa = PBXBuildFile; fileRef = DF0299492A29892C00B7F11D /* BadgeSymbol.swift */; };
		DF02994C2A298F9200B7F11D /* Badge.swift in Sources */ = {isa = PBXBuildFile; fileRef = DF02994B2A298F9200B7F11D /* Badge.swift */; };
		DF02994E2A29906500B7F11D /* RotatedBadgeSymbol.swift in Sources */ = {isa = PBXBuildFile; fileRef = DF02994D2A29906500B7F11D /* RotatedBadgeSymbol.swift */; };
/* End PBXBuildFile section */

/* Begin PBXFileReference section */
		DF0299342A29800800B7F11D /* SwiftUIDemo05.app */ = {isa = PBXFileReference; explicitFileType = wrapper.application; includeInIndex = 0; path = SwiftUIDemo05.app; sourceTree = BUILT_PRODUCTS_DIR; };
		DF0299372A29800800B7F11D /* SwiftUIDemo05App.swift */ = {isa = PBXFileReference; lastKnownFileType = sourcecode.swift; path = SwiftUIDemo05App.swift; sourceTree = "<group>"; };
		DF0299392A29800800B7F11D /* ContentView.swift */ = {isa = PBXFileReference; lastKnownFileType = sourcecode.swift; path = ContentView.swift; sourceTree = "<group>"; };
		DF02993B2A29800900B7F11D /* Assets.xcassets */ = {isa = PBXFileReference; lastKnownFileType = folder.assetcatalog; path = Assets.xcassets; sourceTree = "<group>"; };
		DF02993E2A29800900B7F11D /* Preview Assets.xcassets */ = {isa = PBXFileReference; lastKnownFileType = folder.assetcatalog; path = "Preview Assets.xcassets"; sourceTree = "<group>"; };
		DF0299452A29808500B7F11D /* HexagonParameters.swift */ = {isa = PBXFileReference; lastKnownFileType = sourcecode.swift; path = HexagonParameters.swift; sourceTree = "<group>"; };
		DF0299472A29828C00B7F11D /* BadgeBackground.swift */ = {isa = PBXFileReference; lastKnownFileType = sourcecode.swift; path = BadgeBackground.swift; sourceTree = "<group>"; };
		DF0299492A29892C00B7F11D /* BadgeSymbol.swift */ = {isa = PBXFileReference; lastKnownFileType = sourcecode.swift; path = BadgeSymbol.swift; sourceTree = "<group>"; };
		DF02994B2A298F9200B7F11D /* Badge.swift */ = {isa = PBXFileReference; lastKnownFileType = sourcecode.swift; path = Badge.swift; sourceTree = "<group>"; };
		DF02994D2A29906500B7F11D /* RotatedBadgeSymbol.swift */ = {isa = PBXFileReference; lastKnownFileType = sourcecode.swift; path = RotatedBadgeSymbol.swift; sourceTree = "<group>"; };
/* End PBXFileReference section */

/* Begin PBXFrameworksBuildPhase section */
		DF0299312A29800800B7F11D /* Frameworks */ = {
			isa = PBXFrameworksBuildPhase;
			buildActionMask = 2147483647;
			files = (
			);
			runOnlyForDeploymentPostprocessing = 0;
		};
/* End PBXFrameworksBuildPhase section */

/* Begin PBXGroup section */
		DF02992B2A29800800B7F11D = {
			isa = PBXGroup;
			children = (
				DF0299362A29800800B7F11D /* SwiftUIDemo05 */,
				DF0299352A29800800B7F11D /* Products */,
			);
			sourceTree = "<group>";
		};
		DF0299352A29800800B7F11D /* Products */ = {
			isa = PBXGroup;
			children = (
				DF0299342A29800800B7F11D /* SwiftUIDemo05.app */,
			);
			name = Products;
			sourceTree = "<group>";
		};
		DF0299362A29800800B7F11D /* SwiftUIDemo05 */ = {
			isa = PBXGroup;
			children = (
				DF02994F2A29936000B7F11D /* Badges */,
				DF0299372A29800800B7F11D /* SwiftUIDemo05App.swift */,
				DF0299392A29800800B7F11D /* ContentView.swift */,
				DF02993B2A29800900B7F11D /* Assets.xcassets */,
				DF02993D2A29800900B7F11D /* Preview Content */,
			);
			path = SwiftUIDemo05;
			sourceTree = "<group>";
		};
		DF02993D2A29800900B7F11D /* Preview Content */ = {
			isa = PBXGroup;
			children = (
				DF02993E2A29800900B7F11D /* Preview Assets.xcassets */,
			);
			path = "Preview Content";
			sourceTree = "<group>";
		};
		DF02994F2A29936000B7F11D /* Badges */ = {
			isa = PBXGroup;
			children = (
				DF0299452A29808500B7F11D /* HexagonParameters.swift */,
				DF0299472A29828C00B7F11D /* BadgeBackground.swift */,
				DF0299492A29892C00B7F11D /* BadgeSymbol.swift */,
				DF02994B2A298F9200B7F11D /* Badge.swift */,
				DF02994D2A29906500B7F11D /* RotatedBadgeSymbol.swift */,
			);
			path = Badges;
			sourceTree = "<group>";
		};
/* End PBXGroup section */

/* Begin PBXNativeTarget section */
		DF0299332A29800800B7F11D /* SwiftUIDemo05 */ = {
			isa = PBXNativeTarget;
			buildConfigurationList = DF0299422A29800900B7F11D /* Build configuration list for PBXNativeTarget "SwiftUIDemo05" */;
			buildPhases = (
				DF0299302A29800800B7F11D /* Sources */,
				DF0299312A29800800B7F11D /* Frameworks */,
				DF0299322A29800800B7F11D /* Resources */,
			);
			buildRules = (
			);
			dependencies = (
			);
			name = SwiftUIDemo05;
			productName = SwiftUIDemo05;
			productReference = DF0299342A29800800B7F11D /* SwiftUIDemo05.app */;
			productType = "com.apple.product-type.application";
		};
/* End PBXNativeTarget section */

/* Begin PBXProject section */
		DF02992C2A29800800B7F11D /* Project object */ = {
			isa = PBXProject;
			attributes = {
				BuildIndependentTargetsInParallel = 1;
				LastSwiftUpdateCheck = 1420;
				LastUpgradeCheck = 1420;
				TargetAttributes = {
					DF0299332A29800800B7F11D = {
						CreatedOnToolsVersion = 14.2;
					};
				};
			};
			buildConfigurationList = DF02992F2A29800800B7F11D /* Build configuration list for PBXProject "SwiftUIDemo05" */;
			compatibilityVersion = "Xcode 14.0";
			developmentRegion = en;
			hasScannedForEncodings = 0;
			knownRegions = (
				en,
				Base,
			);
			mainGroup = DF02992B2A29800800B7F11D;
			productRefGroup = DF0299352A29800800B7F11D /* Products */;
			projectDirPath = "";
			projectRoot = "";
			targets = (
				DF0299332A29800800B7F11D /* SwiftUIDemo05 */,
			);
		};
/* End PBXProject section */

/* Begin PBXResourcesBuildPhase section */
		DF0299322A29800800B7F11D /* Resources */ = {
			isa = PBXResourcesBuildPhase;
			buildActionMask = 2147483647;
			files = (
				DF02993F2A29800900B7F11D /* Preview Assets.xcassets in Resources */,
				DF02993C2A29800900B7F11D /* Assets.xcassets in Resources */,
			);
			runOnlyForDeploymentPostprocessing = 0;
		};
/* End PBXResourcesBuildPhase section */

/* Begin PBXSourcesBuildPhase section */
		DF0299302A29800800B7F11D /* Sources */ = {
			isa = PBXSourcesBuildPhase;
			buildActionMask = 2147483647;
			files = (
				DF0299462A29808500B7F11D /* HexagonParameters.swift in Sources */,
				DF02994C2A298F9200B7F11D /* Badge.swift in Sources */,
				DF02993A2A29800800B7F11D /* ContentView.swift in Sources */,
				DF0299382A29800800B7F11D /* SwiftUIDemo05App.swift in Sources */,
				DF02994A2A29892C00B7F11D /* BadgeSymbol.swift in Sources */,
				DF02994E2A29906500B7F11D /* RotatedBadgeSymbol.swift in Sources */,
				DF0299482A29828C00B7F11D /* BadgeBackground.swift in Sources */,
			);
			runOnlyForDeploymentPostprocessing = 0;
		};
/* End PBXSourcesBuildPhase section */

/* Begin XCBuildConfiguration section */
		DF0299402A29800900B7F11D /* Debug */ = {
			isa = XCBuildConfiguration;
			buildSettings = {
				ALWAYS_SEARCH_USER_PATHS = NO;
				CLANG_ANALYZER_NONNULL = YES;
				CLANG_ANALYZER_NUMBER_OBJECT_CONVERSION = YES_AGGRESSIVE;
				CLANG_CXX_LANGUAGE_STANDARD = "gnu++20";
				CLANG_ENABLE_MODULES = YES;
				CLANG_ENABLE_OBJC_ARC = YES;
				CLANG_ENABLE_OBJC_WEAK = YES;
				CLANG_WARN_BLOCK_CAPTURE_AUTORELEASING = YES;
				CLANG_WARN_BOOL_CONVERSION = YES;
				CLANG_WARN_COMMA = YES;
				CLANG_WARN_CONSTANT_CONVERSION = YES;
				CLANG_WARN_DEPRECATED_OBJC_IMPLEMENTATIONS = YES;
				CLANG_WARN_DIRECT_OBJC_ISA_USAGE = YES_ERROR;
				CLANG_WARN_DOCUMENTATION_COMMENTS = YES;
				CLANG_WARN_EMPTY_BODY = YES;
				CLANG_WARN_ENUM_CONVERSION = YES;
				CLANG_WARN_INFINITE_RECURSION = YES;
				CLANG_WARN_INT_CONVERSION = YES;
				CLANG_WARN_NON_LITERAL_NULL_CONVERSION = YES;
				CLANG_WARN_OBJC_IMPLICIT_RETAIN_SELF = YES;
				CLANG_WARN_OBJC_LITERAL_CONVERSION = YES;
				CLANG_WARN_OBJC_ROOT_CLASS = YES_ERROR;
				CLANG_WARN_QUOTED_INCLUDE_IN_FRAMEWORK_HEADER = YES;
				CLANG_WARN_RANGE_LOOP_ANALYSIS = YES;
				CLANG_WARN_STRICT_PROTOTYPES = YES;
				CLANG_WARN_SUSPICIOUS_MOVE = YES;
				CLANG_WARN_UNGUARDED_AVAILABILITY = YES_AGGRESSIVE;
				CLANG_WARN_UNREACHABLE_CODE = YES;
				CLANG_WARN__DUPLICATE_METHOD_MATCH = YES;
				COPY_PHASE_STRIP = NO;
				DEBUG_INFORMATION_FORMAT = dwarf;
				ENABLE_STRICT_OBJC_MSGSEND = YES;
				ENABLE_TESTABILITY = YES;
				GCC_C_LANGUAGE_STANDARD = gnu11;
				GCC_DYNAMIC_NO_PIC = NO;
				GCC_NO_COMMON_BLOCKS = YES;
				GCC_OPTIMIZATION_LEVEL = 0;
				GCC_PREPROCESSOR_DEFINITIONS = (
					"DEBUG=1",
					"$(inherited)",
				);
				GCC_WARN_64_TO_32_BIT_CONVERSION = YES;
				GCC_WARN_ABOUT_RETURN_TYPE = YES_ERROR;
				GCC_WARN_UNDECLARED_SELECTOR = YES;
				GCC_WARN_UNINITIALIZED_AUTOS = YES_AGGRESSIVE;
				GCC_WARN_UNUSED_FUNCTION = YES;
				GCC_WARN_UNUSED_VARIABLE = YES;
				IPHONEOS_DEPLOYMENT_TARGET = 16.2;
				MTL_ENABLE_DEBUG_INFO = INCLUDE_SOURCE;
				MTL_FAST_MATH = YES;
				ONLY_ACTIVE_ARCH = YES;
				SDKROOT = iphoneos;
				SWIFT_ACTIVE_COMPILATION_CONDITIONS = DEBUG;
				SWIFT_OPTIMIZATION_LEVEL = "-Onone";
			};
			name = Debug;
		};
		DF0299412A29800900B7F11D /* Release */ = {
			isa = XCBuildConfiguration;
			buildSettings = {
				ALWAYS_SEARCH_USER_PATHS = NO;
				CLANG_ANALYZER_NONNULL = YES;
				CLANG_ANALYZER_NUMBER_OBJECT_CONVERSION = YES_AGGRESSIVE;
				CLANG_CXX_LANGUAGE_STANDARD = "gnu++20";
				CLANG_ENABLE_MODULES = YES;
				CLANG_ENABLE_OBJC_ARC = YES;
				CLANG_ENABLE_OBJC_WEAK = YES;
				CLANG_WARN_BLOCK_CAPTURE_AUTORELEASING = YES;
				CLANG_WARN_BOOL_CONVERSION = YES;
				CLANG_WARN_COMMA = YES;
				CLANG_WARN_CONSTANT_CONVERSION = YES;
				CLANG_WARN_DEPRECATED_OBJC_IMPLEMENTATIONS = YES;
				CLANG_WARN_DIRECT_OBJC_ISA_USAGE = YES_ERROR;
				CLANG_WARN_DOCUMENTATION_COMMENTS = YES;
				CLANG_WARN_EMPTY_BODY = YES;
				CLANG_WARN_ENUM_CONVERSION = YES;
				CLANG_WARN_INFINITE_RECURSION = YES;
				CLANG_WARN_INT_CONVERSION = YES;
				CLANG_WARN_NON_LITERAL_NULL_CONVERSION = YES;
				CLANG_WARN_OBJC_IMPLICIT_RETAIN_SELF = YES;
				CLANG_WARN_OBJC_LITERAL_CONVERSION = YES;
				CLANG_WARN_OBJC_ROOT_CLASS = YES_ERROR;
				CLANG_WARN_QUOTED_INCLUDE_IN_FRAMEWORK_HEADER = YES;
				CLANG_WARN_RANGE_LOOP_ANALYSIS = YES;
				CLANG_WARN_STRICT_PROTOTYPES = YES;
				CLANG_WARN_SUSPICIOUS_MOVE = YES;
				CLANG_WARN_UNGUARDED_AVAILABILITY = YES_AGGRESSIVE;
				CLANG_WARN_UNREACHABLE_CODE = YES;
				CLANG_WARN__DUPLICATE_METHOD_MATCH = YES;
				COPY_PHASE_STRIP = NO;
				DEBUG_INFORMATION_FORMAT = "dwarf-with-dsym";
				ENABLE_NS_ASSERTIONS = NO;
				ENABLE_STRICT_OBJC_MSGSEND = YES;
				GCC_C_LANGUAGE_STANDARD = gnu11;
				GCC_NO_COMMON_BLOCKS = YES;
				GCC_WARN_64_TO_32_BIT_CONVERSION = YES;
				GCC_WARN_ABOUT_RETURN_TYPE = YES_ERROR;
				GCC_WARN_UNDECLARED_SELECTOR = YES;
				GCC_WARN_UNINITIALIZED_AUTOS = YES_AGGRESSIVE;
				GCC_WARN_UNUSED_FUNCTION = YES;
				GCC_WARN_UNUSED_VARIABLE = YES;
				IPHONEOS_DEPLOYMENT_TARGET = 16.2;
				MTL_ENABLE_DEBUG_INFO = NO;
				MTL_FAST_MATH = YES;
				SDKROOT = iphoneos;
				SWIFT_COMPILATION_MODE = wholemodule;
				SWIFT_OPTIMIZATION_LEVEL = "-O";
				VALIDATE_PRODUCT = YES;
			};
			name = Release;
		};
		DF0299432A29800900B7F11D /* Debug */ = {
			isa = XCBuildConfiguration;
			buildSettings = {
				ASSETCATALOG_COMPILER_APPICON_NAME = AppIcon;
				ASSETCATALOG_COMPILER_GLOBAL_ACCENT_COLOR_NAME = AccentColor;
				CODE_SIGN_STYLE = Automatic;
				CURRENT_PROJECT_VERSION = 1;
				DEVELOPMENT_ASSET_PATHS = "\"SwiftUIDemo05/Preview Content\"";
				DEVELOPMENT_TEAM = 475QH33KPT;
				ENABLE_PREVIEWS = YES;
				GENERATE_INFOPLIST_FILE = YES;
				INFOPLIST_KEY_UIApplicationSceneManifest_Generation = YES;
				INFOPLIST_KEY_UIApplicationSupportsIndirectInputEvents = YES;
				INFOPLIST_KEY_UILaunchScreen_Generation = YES;
				INFOPLIST_KEY_UISupportedInterfaceOrientations_iPad = "UIInterfaceOrientationPortrait UIInterfaceOrientationPortraitUpsideDown UIInterfaceOrientationLandscapeLeft UIInterfaceOrientationLandscapeRight";
				INFOPLIST_KEY_UISupportedInterfaceOrientations_iPhone = "UIInterfaceOrientationPortrait UIInterfaceOrientationLandscapeLeft UIInterfaceOrientationLandscapeRight";
				LD_RUNPATH_SEARCH_PATHS = (
					"$(inherited)",
					"@executable_path/Frameworks",
				);
				MARKETING_VERSION = 1.0;
				PRODUCT_BUNDLE_IDENTIFIER = com.uleapp.SwiftUIDemo05;
				PRODUCT_NAME = "$(TARGET_NAME)";
				SWIFT_EMIT_LOC_STRINGS = YES;
				SWIFT_VERSION = 5.0;
				TARGETED_DEVICE_FAMILY = "1,2";
			};
			name = Debug;
		};
		DF0299442A29800900B7F11D /* Release */ = {
			isa = XCBuildConfiguration;
			buildSettings = {
				ASSETCATALOG_COMPILER_APPICON_NAME = AppIcon;
				ASSETCATALOG_COMPILER_GLOBAL_ACCENT_COLOR_NAME = AccentColor;
				CODE_SIGN_STYLE = Automatic;
				CURRENT_PROJECT_VERSION = 1;
				DEVELOPMENT_ASSET_PATHS = "\"SwiftUIDemo05/Preview Content\"";
				DEVELOPMENT_TEAM = 475QH33KPT;
				ENABLE_PREVIEWS = YES;
				GENERATE_INFOPLIST_FILE = YES;
				INFOPLIST_KEY_UIApplicationSceneManifest_Generation = YES;
				INFOPLIST_KEY_UIApplicationSupportsIndirectInputEvents = YES;
				INFOPLIST_KEY_UILaunchScreen_Generation = YES;
				INFOPLIST_KEY_UISupportedInterfaceOrientations_iPad = "UIInterfaceOrientationPortrait UIInterfaceOrientationPortraitUpsideDown UIInterfaceOrientationLandscapeLeft UIInterfaceOrientationLandscapeRight";
				INFOPLIST_KEY_UISupportedInterfaceOrientations_iPhone = "UIInterfaceOrientationPortrait UIInterfaceOrientationLandscapeLeft UIInterfaceOrientationLandscapeRight";
				LD_RUNPATH_SEARCH_PATHS = (
					"$(inherited)",
					"@executable_path/Frameworks",
				);
				MARKETING_VERSION = 1.0;
				PRODUCT_BUNDLE_IDENTIFIER = com.uleapp.SwiftUIDemo05;
				PRODUCT_NAME = "$(TARGET_NAME)";
				SWIFT_EMIT_LOC_STRINGS = YES;
				SWIFT_VERSION = 5.0;
				TARGETED_DEVICE_FAMILY = "1,2";
			};
			name = Release;
		};
/* End XCBuildConfiguration section */

/* Begin XCConfigurationList section */
		DF02992F2A29800800B7F11D /* Build configuration list for PBXProject "SwiftUIDemo05" */ = {
			isa = XCConfigurationList;
			buildConfigurations = (
				DF0299402A29800900B7F11D /* Debug */,
				DF0299412A29800900B7F11D /* Release */,
			);
			defaultConfigurationIsVisible = 0;
			defaultConfigurationName = Release;
		};
		DF0299422A29800900B7F11D /* Build configuration list for PBXNativeTarget "SwiftUIDemo05" */ = {
			isa = XCConfigurationList;
			buildConfigurations = (
				DF0299432A29800900B7F11D /* Debug */,
				DF0299442A29800900B7F11D /* Release */,
			);
			defaultConfigurationIsVisible = 0;
			defaultConfigurationName = Release;
		};
/* End XCConfigurationList section */
	};
	rootObject = DF02992C2A29800800B7F11D /* Project object */;
}
