// !$*UTF8*$!
{
	archiveVersion = 1;
	classes = {
	};
	objectVersion = 56;
	objects = {

/* Begin PBXBuildFile section */
		DF02995D2A29955C00B7F11D /* SwiftUIDemo06App.swift in Sources */ = {isa = PBXBuildFile; fileRef = DF02995C2A29955C00B7F11D /* SwiftUIDemo06App.swift */; };
		DF02995F2A29955C00B7F11D /* ContentView.swift in Sources */ = {isa = PBXBuildFile; fileRef = DF02995E2A29955C00B7F11D /* ContentView.swift */; };
		DF0299612A29955D00B7F11D /* Assets.xcassets in Resources */ = {isa = PBXBuildFile; fileRef = DF0299602A29955D00B7F11D /* Assets.xcassets */; };
		DF0299642A29955D00B7F11D /* Preview Assets.xcassets in Resources */ = {isa = PBXBuildFile; fileRef = DF0299632A29955D00B7F11D /* Preview Assets.xcassets */; };
		DF02996B2A29959C00B7F11D /* hikeData.json in Resources */ = {isa = PBXBuildFile; fileRef = DF02996A2A29959C00B7F11D /* hikeData.json */; };
		DF3E81D82A31D17B00147CF6 /* TextDemo.swift in Sources */ = {isa = PBXBuildFile; fileRef = DF3E81D72A31D17A00147CF6 /* TextDemo.swift */; };
		DF3E81DD2A31D5FF00147CF6 /* TextFieldDemo.swift in Sources */ = {isa = PBXBuildFile; fileRef = DF3E81DC2A31D5FF00147CF6 /* TextFieldDemo.swift */; };
		DFDF749D2A32C770002CEE37 /* ImageDemo.swift in Sources */ = {isa = PBXBuildFile; fileRef = DFDF749C2A32C770002CEE37 /* ImageDemo.swift */; };
		DFDF749F2A32D0FE002CEE37 /* ButtonDemo.swift in Sources */ = {isa = PBXBuildFile; fileRef = DFDF749E2A32D0FE002CEE37 /* ButtonDemo.swift */; };
		DFDF74A12A32EEA2002CEE37 /* PickerDemo.swift in Sources */ = {isa = PBXBuildFile; fileRef = DFDF74A02A32EEA2002CEE37 /* PickerDemo.swift */; };
		DFDF74A32A3304D5002CEE37 /* ToggleDemo.swift in Sources */ = {isa = PBXBuildFile; fileRef = DFDF74A22A3304D5002CEE37 /* ToggleDemo.swift */; };
		DFDF74A52A330B3D002CEE37 /* SlideDemo.swift in Sources */ = {isa = PBXBuildFile; fileRef = DFDF74A42A330B3D002CEE37 /* SlideDemo.swift */; };
		DFDF74A72A330C00002CEE37 /* WebViewDemo.swift in Sources */ = {isa = PBXBuildFile; fileRef = DFDF74A62A330C00002CEE37 /* WebViewDemo.swift */; };
		DFDF74A92A330FEE002CEE37 /* UIViewControlloerDemo.swift in Sources */ = {isa = PBXBuildFile; fileRef = DFDF74A82A330FEE002CEE37 /* UIViewControlloerDemo.swift */; };
		DFDF74AE2A3319BE002CEE37 /* HStackDemo.swift in Sources */ = {isa = PBXBuildFile; fileRef = DFDF74AD2A3319BE002CEE37 /* HStackDemo.swift */; };
		DFDF74B02A331CCB002CEE37 /* ListDemo.swift in Sources */ = {isa = PBXBuildFile; fileRef = DFDF74AF2A331CCB002CEE37 /* ListDemo.swift */; };
		DFDF74B22A332139002CEE37 /* TabViewDemo.swift in Sources */ = {isa = PBXBuildFile; fileRef = DFDF74B12A332139002CEE37 /* TabViewDemo.swift */; };
		DFDF74B42A36AEB6002CEE37 /* AlertViewDemo.swift in Sources */ = {isa = PBXBuildFile; fileRef = DFDF74B32A36AEB6002CEE37 /* AlertViewDemo.swift */; };
		DFDF74B62A36B246002CEE37 /* ActionSheetDemo.swift in Sources */ = {isa = PBXBuildFile; fileRef = DFDF74B52A36B246002CEE37 /* ActionSheetDemo.swift */; };
		DFDF74B82A36B428002CEE37 /* ModalDemo.swift in Sources */ = {isa = PBXBuildFile; fileRef = DFDF74B72A36B428002CEE37 /* ModalDemo.swift */; };
		DFDF74BB2A36BC8C002CEE37 /* AnimationDemo.swift in Sources */ = {isa = PBXBuildFile; fileRef = DFDF74BA2A36BC8C002CEE37 /* AnimationDemo.swift */; };
		DFDF74BD2A36E7B4002CEE37 /* TransitionDemo.swift in Sources */ = {isa = PBXBuildFile; fileRef = DFDF74BC2A36E7B4002CEE37 /* TransitionDemo.swift */; };
		DFDF74BF2A36F1A2002CEE37 /* GridViewDemo.swift in Sources */ = {isa = PBXBuildFile; fileRef = DFDF74BE2A36F1A2002CEE37 /* GridViewDemo.swift */; };
/* End PBXBuildFile section */

/* Begin PBXFileReference section */
		DF0299592A29955C00B7F11D /* SwiftUIDemo06.app */ = {isa = PBXFileReference; explicitFileType = wrapper.application; includeInIndex = 0; path = SwiftUIDemo06.app; sourceTree = BUILT_PRODUCTS_DIR; };
		DF02995C2A29955C00B7F11D /* SwiftUIDemo06App.swift */ = {isa = PBXFileReference; lastKnownFileType = sourcecode.swift; path = SwiftUIDemo06App.swift; sourceTree = "<group>"; };
		DF02995E2A29955C00B7F11D /* ContentView.swift */ = {isa = PBXFileReference; lastKnownFileType = sourcecode.swift; path = ContentView.swift; sourceTree = "<group>"; };
		DF0299602A29955D00B7F11D /* Assets.xcassets */ = {isa = PBXFileReference; lastKnownFileType = folder.assetcatalog; path = Assets.xcassets; sourceTree = "<group>"; };
		DF0299632A29955D00B7F11D /* Preview Assets.xcassets */ = {isa = PBXFileReference; lastKnownFileType = folder.assetcatalog; path = "Preview Assets.xcassets"; sourceTree = "<group>"; };
		DF02996A2A29959C00B7F11D /* hikeData.json */ = {isa = PBXFileReference; fileEncoding = 4; lastKnownFileType = text.json; path = hikeData.json; sourceTree = "<group>"; };
		DF3E81D72A31D17A00147CF6 /* TextDemo.swift */ = {isa = PBXFileReference; lastKnownFileType = sourcecode.swift; path = TextDemo.swift; sourceTree = "<group>"; };
		DF3E81DC2A31D5FF00147CF6 /* TextFieldDemo.swift */ = {isa = PBXFileReference; lastKnownFileType = sourcecode.swift; path = TextFieldDemo.swift; sourceTree = "<group>"; };
		DFDF749C2A32C770002CEE37 /* ImageDemo.swift */ = {isa = PBXFileReference; lastKnownFileType = sourcecode.swift; path = ImageDemo.swift; sourceTree = "<group>"; };
		DFDF749E2A32D0FE002CEE37 /* ButtonDemo.swift */ = {isa = PBXFileReference; lastKnownFileType = sourcecode.swift; path = ButtonDemo.swift; sourceTree = "<group>"; };
		DFDF74A02A32EEA2002CEE37 /* PickerDemo.swift */ = {isa = PBXFileReference; lastKnownFileType = sourcecode.swift; path = PickerDemo.swift; sourceTree = "<group>"; };
		DFDF74A22A3304D5002CEE37 /* ToggleDemo.swift */ = {isa = PBXFileReference; lastKnownFileType = sourcecode.swift; path = ToggleDemo.swift; sourceTree = "<group>"; };
		DFDF74A42A330B3D002CEE37 /* SlideDemo.swift */ = {isa = PBXFileReference; lastKnownFileType = sourcecode.swift; path = SlideDemo.swift; sourceTree = "<group>"; };
		DFDF74A62A330C00002CEE37 /* WebViewDemo.swift */ = {isa = PBXFileReference; lastKnownFileType = sourcecode.swift; path = WebViewDemo.swift; sourceTree = "<group>"; };
		DFDF74A82A330FEE002CEE37 /* UIViewControlloerDemo.swift */ = {isa = PBXFileReference; lastKnownFileType = sourcecode.swift; path = UIViewControlloerDemo.swift; sourceTree = "<group>"; };
		DFDF74AD2A3319BE002CEE37 /* HStackDemo.swift */ = {isa = PBXFileReference; lastKnownFileType = sourcecode.swift; path = HStackDemo.swift; sourceTree = "<group>"; };
		DFDF74AF2A331CCB002CEE37 /* ListDemo.swift */ = {isa = PBXFileReference; lastKnownFileType = sourcecode.swift; path = ListDemo.swift; sourceTree = "<group>"; };
		DFDF74B12A332139002CEE37 /* TabViewDemo.swift */ = {isa = PBXFileReference; lastKnownFileType = sourcecode.swift; path = TabViewDemo.swift; sourceTree = "<group>"; };
		DFDF74B32A36AEB6002CEE37 /* AlertViewDemo.swift */ = {isa = PBXFileReference; lastKnownFileType = sourcecode.swift; path = AlertViewDemo.swift; sourceTree = "<group>"; };
		DFDF74B52A36B246002CEE37 /* ActionSheetDemo.swift */ = {isa = PBXFileReference; lastKnownFileType = sourcecode.swift; path = ActionSheetDemo.swift; sourceTree = "<group>"; };
		DFDF74B72A36B428002CEE37 /* ModalDemo.swift */ = {isa = PBXFileReference; lastKnownFileType = sourcecode.swift; path = ModalDemo.swift; sourceTree = "<group>"; };
		DFDF74BA2A36BC8C002CEE37 /* AnimationDemo.swift */ = {isa = PBXFileReference; lastKnownFileType = sourcecode.swift; path = AnimationDemo.swift; sourceTree = "<group>"; };
		DFDF74BC2A36E7B4002CEE37 /* TransitionDemo.swift */ = {isa = PBXFileReference; lastKnownFileType = sourcecode.swift; path = TransitionDemo.swift; sourceTree = "<group>"; };
		DFDF74BE2A36F1A2002CEE37 /* GridViewDemo.swift */ = {isa = PBXFileReference; lastKnownFileType = sourcecode.swift; path = GridViewDemo.swift; sourceTree = "<group>"; };
/* End PBXFileReference section */

/* Begin PBXFrameworksBuildPhase section */
		DF0299562A29955C00B7F11D /* Frameworks */ = {
			isa = PBXFrameworksBuildPhase;
			buildActionMask = 2147483647;
			files = (
			);
			runOnlyForDeploymentPostprocessing = 0;
		};
/* End PBXFrameworksBuildPhase section */

/* Begin PBXGroup section */
		DF0299502A29955C00B7F11D = {
			isa = PBXGroup;
			children = (
				DF02995B2A29955C00B7F11D /* SwiftUIDemo06 */,
				DF02995A2A29955C00B7F11D /* Products */,
			);
			sourceTree = "<group>";
		};
		DF02995A2A29955C00B7F11D /* Products */ = {
			isa = PBXGroup;
			children = (
				DF0299592A29955C00B7F11D /* SwiftUIDemo06.app */,
			);
			name = Products;
			sourceTree = "<group>";
		};
		DF02995B2A29955C00B7F11D /* SwiftUIDemo06 */ = {
			isa = PBXGroup;
			children = (
				DFDF74B92A36BC75002CEE37 /* Animation */,
				DFDF74AC2A3319A9002CEE37 /* layout */,
				DF3E81DB2A31D5E500147CF6 /* Page */,
				DF02996A2A29959C00B7F11D /* hikeData.json */,
				DF02995E2A29955C00B7F11D /* ContentView.swift */,
				DF02995C2A29955C00B7F11D /* SwiftUIDemo06App.swift */,
				DF0299602A29955D00B7F11D /* Assets.xcassets */,
				DF0299622A29955D00B7F11D /* Preview Content */,
			);
			path = SwiftUIDemo06;
			sourceTree = "<group>";
		};
		DF0299622A29955D00B7F11D /* Preview Content */ = {
			isa = PBXGroup;
			children = (
				DF0299632A29955D00B7F11D /* Preview Assets.xcassets */,
			);
			path = "Preview Content";
			sourceTree = "<group>";
		};
		DF3E81DB2A31D5E500147CF6 /* Page */ = {
			isa = PBXGroup;
			children = (
				DF3E81D72A31D17A00147CF6 /* TextDemo.swift */,
				DF3E81DC2A31D5FF00147CF6 /* TextFieldDemo.swift */,
				DFDF749C2A32C770002CEE37 /* ImageDemo.swift */,
				DFDF749E2A32D0FE002CEE37 /* ButtonDemo.swift */,
				DFDF74A02A32EEA2002CEE37 /* PickerDemo.swift */,
				DFDF74A22A3304D5002CEE37 /* ToggleDemo.swift */,
				DFDF74A42A330B3D002CEE37 /* SlideDemo.swift */,
				DFDF74A62A330C00002CEE37 /* WebViewDemo.swift */,
				DFDF74A82A330FEE002CEE37 /* UIViewControlloerDemo.swift */,
			);
			path = Page;
			sourceTree = "<group>";
		};
		DFDF74AC2A3319A9002CEE37 /* layout */ = {
			isa = PBXGroup;
			children = (
				DFDF74AD2A3319BE002CEE37 /* HStackDemo.swift */,
				DFDF74B12A332139002CEE37 /* TabViewDemo.swift */,
				DFDF74AF2A331CCB002CEE37 /* ListDemo.swift */,
				DFDF74B32A36AEB6002CEE37 /* AlertViewDemo.swift */,
				DFDF74B52A36B246002CEE37 /* ActionSheetDemo.swift */,
				DFDF74B72A36B428002CEE37 /* ModalDemo.swift */,
				DFDF74BE2A36F1A2002CEE37 /* GridViewDemo.swift */,
			);
			path = layout;
			sourceTree = "<group>";
		};
		DFDF74B92A36BC75002CEE37 /* Animation */ = {
			isa = PBXGroup;
			children = (
				DFDF74BA2A36BC8C002CEE37 /* AnimationDemo.swift */,
				DFDF74BC2A36E7B4002CEE37 /* TransitionDemo.swift */,
			);
			path = Animation;
			sourceTree = "<group>";
		};
/* End PBXGroup section */

/* Begin PBXNativeTarget section */
		DF0299582A29955C00B7F11D /* SwiftUIDemo06 */ = {
			isa = PBXNativeTarget;
			buildConfigurationList = DF0299672A29955D00B7F11D /* Build configuration list for PBXNativeTarget "SwiftUIDemo06" */;
			buildPhases = (
				DF0299552A29955C00B7F11D /* Sources */,
				DF0299562A29955C00B7F11D /* Frameworks */,
				DF0299572A29955C00B7F11D /* Resources */,
			);
			buildRules = (
			);
			dependencies = (
			);
			name = SwiftUIDemo06;
			productName = SwiftUIDemo06;
			productReference = DF0299592A29955C00B7F11D /* SwiftUIDemo06.app */;
			productType = "com.apple.product-type.application";
		};
/* End PBXNativeTarget section */

/* Begin PBXProject section */
		DF0299512A29955C00B7F11D /* Project object */ = {
			isa = PBXProject;
			attributes = {
				BuildIndependentTargetsInParallel = 1;
				LastSwiftUpdateCheck = 1420;
				LastUpgradeCheck = 1420;
				TargetAttributes = {
					DF0299582A29955C00B7F11D = {
						CreatedOnToolsVersion = 14.2;
					};
				};
			};
			buildConfigurationList = DF0299542A29955C00B7F11D /* Build configuration list for PBXProject "SwiftUIDemo06" */;
			compatibilityVersion = "Xcode 14.0";
			developmentRegion = en;
			hasScannedForEncodings = 0;
			knownRegions = (
				en,
				Base,
			);
			mainGroup = DF0299502A29955C00B7F11D;
			productRefGroup = DF02995A2A29955C00B7F11D /* Products */;
			projectDirPath = "";
			projectRoot = "";
			targets = (
				DF0299582A29955C00B7F11D /* SwiftUIDemo06 */,
			);
		};
/* End PBXProject section */

/* Begin PBXResourcesBuildPhase section */
		DF0299572A29955C00B7F11D /* Resources */ = {
			isa = PBXResourcesBuildPhase;
			buildActionMask = 2147483647;
			files = (
				DF0299642A29955D00B7F11D /* Preview Assets.xcassets in Resources */,
				DF02996B2A29959C00B7F11D /* hikeData.json in Resources */,
				DF0299612A29955D00B7F11D /* Assets.xcassets in Resources */,
			);
			runOnlyForDeploymentPostprocessing = 0;
		};
/* End PBXResourcesBuildPhase section */

/* Begin PBXSourcesBuildPhase section */
		DF0299552A29955C00B7F11D /* Sources */ = {
			isa = PBXSourcesBuildPhase;
			buildActionMask = 2147483647;
			files = (
				DF3E81DD2A31D5FF00147CF6 /* TextFieldDemo.swift in Sources */,
				DFDF74A12A32EEA2002CEE37 /* PickerDemo.swift in Sources */,
				DFDF74A92A330FEE002CEE37 /* UIViewControlloerDemo.swift in Sources */,
				DFDF74BF2A36F1A2002CEE37 /* GridViewDemo.swift in Sources */,
				DFDF74A32A3304D5002CEE37 /* ToggleDemo.swift in Sources */,
				DF02995F2A29955C00B7F11D /* ContentView.swift in Sources */,
				DFDF749F2A32D0FE002CEE37 /* ButtonDemo.swift in Sources */,
				DFDF74AE2A3319BE002CEE37 /* HStackDemo.swift in Sources */,
				DFDF749D2A32C770002CEE37 /* ImageDemo.swift in Sources */,
				DFDF74A72A330C00002CEE37 /* WebViewDemo.swift in Sources */,
				DFDF74BB2A36BC8C002CEE37 /* AnimationDemo.swift in Sources */,
				DFDF74B22A332139002CEE37 /* TabViewDemo.swift in Sources */,
				DF3E81D82A31D17B00147CF6 /* TextDemo.swift in Sources */,
				DFDF74B82A36B428002CEE37 /* ModalDemo.swift in Sources */,
				DF02995D2A29955C00B7F11D /* SwiftUIDemo06App.swift in Sources */,
				DFDF74B62A36B246002CEE37 /* ActionSheetDemo.swift in Sources */,
				DFDF74A52A330B3D002CEE37 /* SlideDemo.swift in Sources */,
				DFDF74BD2A36E7B4002CEE37 /* TransitionDemo.swift in Sources */,
				DFDF74B42A36AEB6002CEE37 /* AlertViewDemo.swift in Sources */,
				DFDF74B02A331CCB002CEE37 /* ListDemo.swift in Sources */,
			);
			runOnlyForDeploymentPostprocessing = 0;
		};
/* End PBXSourcesBuildPhase section */

/* Begin XCBuildConfiguration section */
		DF0299652A29955D00B7F11D /* Debug */ = {
			isa = XCBuildConfiguration;
			buildSettings = {
				ALWAYS_SEARCH_USER_PATHS = NO;
				CLANG_ANALYZER_NONNULL = YES;
				CLANG_ANALYZER_NUMBER_OBJECT_CONVERSION = YES_AGGRESSIVE;
				CLANG_CXX_LANGUAGE_STANDARD = "gnu++20";
				CLANG_ENABLE_MODULES = YES;
				CLANG_ENABLE_OBJC_ARC = YES;
				CLANG_ENABLE_OBJC_WEAK = YES;
				CLANG_WARN_BLOCK_CAPTURE_AUTORELEASING = YES;
				CLANG_WARN_BOOL_CONVERSION = YES;
				CLANG_WARN_COMMA = YES;
				CLANG_WARN_CONSTANT_CONVERSION = YES;
				CLANG_WARN_DEPRECATED_OBJC_IMPLEMENTATIONS = YES;
				CLANG_WARN_DIRECT_OBJC_ISA_USAGE = YES_ERROR;
				CLANG_WARN_DOCUMENTATION_COMMENTS = YES;
				CLANG_WARN_EMPTY_BODY = YES;
				CLANG_WARN_ENUM_CONVERSION = YES;
				CLANG_WARN_INFINITE_RECURSION = YES;
				CLANG_WARN_INT_CONVERSION = YES;
				CLANG_WARN_NON_LITERAL_NULL_CONVERSION = YES;
				CLANG_WARN_OBJC_IMPLICIT_RETAIN_SELF = YES;
				CLANG_WARN_OBJC_LITERAL_CONVERSION = YES;
				CLANG_WARN_OBJC_ROOT_CLASS = YES_ERROR;
				CLANG_WARN_QUOTED_INCLUDE_IN_FRAMEWORK_HEADER = YES;
				CLANG_WARN_RANGE_LOOP_ANALYSIS = YES;
				CLANG_WARN_STRICT_PROTOTYPES = YES;
				CLANG_WARN_SUSPICIOUS_MOVE = YES;
				CLANG_WARN_UNGUARDED_AVAILABILITY = YES_AGGRESSIVE;
				CLANG_WARN_UNREACHABLE_CODE = YES;
				CLANG_WARN__DUPLICATE_METHOD_MATCH = YES;
				COPY_PHASE_STRIP = NO;
				DEBUG_INFORMATION_FORMAT = dwarf;
				ENABLE_STRICT_OBJC_MSGSEND = YES;
				ENABLE_TESTABILITY = YES;
				GCC_C_LANGUAGE_STANDARD = gnu11;
				GCC_DYNAMIC_NO_PIC = NO;
				GCC_NO_COMMON_BLOCKS = YES;
				GCC_OPTIMIZATION_LEVEL = 0;
				GCC_PREPROCESSOR_DEFINITIONS = (
					"DEBUG=1",
					"$(inherited)",
				);
				GCC_WARN_64_TO_32_BIT_CONVERSION = YES;
				GCC_WARN_ABOUT_RETURN_TYPE = YES_ERROR;
				GCC_WARN_UNDECLARED_SELECTOR = YES;
				GCC_WARN_UNINITIALIZED_AUTOS = YES_AGGRESSIVE;
				GCC_WARN_UNUSED_FUNCTION = YES;
				GCC_WARN_UNUSED_VARIABLE = YES;
				IPHONEOS_DEPLOYMENT_TARGET = 16.2;
				MTL_ENABLE_DEBUG_INFO = INCLUDE_SOURCE;
				MTL_FAST_MATH = YES;
				ONLY_ACTIVE_ARCH = YES;
				SDKROOT = iphoneos;
				SWIFT_ACTIVE_COMPILATION_CONDITIONS = DEBUG;
				SWIFT_OPTIMIZATION_LEVEL = "-Onone";
			};
			name = Debug;
		};
		DF0299662A29955D00B7F11D /* Release */ = {
			isa = XCBuildConfiguration;
			buildSettings = {
				ALWAYS_SEARCH_USER_PATHS = NO;
				CLANG_ANALYZER_NONNULL = YES;
				CLANG_ANALYZER_NUMBER_OBJECT_CONVERSION = YES_AGGRESSIVE;
				CLANG_CXX_LANGUAGE_STANDARD = "gnu++20";
				CLANG_ENABLE_MODULES = YES;
				CLANG_ENABLE_OBJC_ARC = YES;
				CLANG_ENABLE_OBJC_WEAK = YES;
				CLANG_WARN_BLOCK_CAPTURE_AUTORELEASING = YES;
				CLANG_WARN_BOOL_CONVERSION = YES;
				CLANG_WARN_COMMA = YES;
				CLANG_WARN_CONSTANT_CONVERSION = YES;
				CLANG_WARN_DEPRECATED_OBJC_IMPLEMENTATIONS = YES;
				CLANG_WARN_DIRECT_OBJC_ISA_USAGE = YES_ERROR;
				CLANG_WARN_DOCUMENTATION_COMMENTS = YES;
				CLANG_WARN_EMPTY_BODY = YES;
				CLANG_WARN_ENUM_CONVERSION = YES;
				CLANG_WARN_INFINITE_RECURSION = YES;
				CLANG_WARN_INT_CONVERSION = YES;
				CLANG_WARN_NON_LITERAL_NULL_CONVERSION = YES;
				CLANG_WARN_OBJC_IMPLICIT_RETAIN_SELF = YES;
				CLANG_WARN_OBJC_LITERAL_CONVERSION = YES;
				CLANG_WARN_OBJC_ROOT_CLASS = YES_ERROR;
				CLANG_WARN_QUOTED_INCLUDE_IN_FRAMEWORK_HEADER = YES;
				CLANG_WARN_RANGE_LOOP_ANALYSIS = YES;
				CLANG_WARN_STRICT_PROTOTYPES = YES;
				CLANG_WARN_SUSPICIOUS_MOVE = YES;
				CLANG_WARN_UNGUARDED_AVAILABILITY = YES_AGGRESSIVE;
				CLANG_WARN_UNREACHABLE_CODE = YES;
				CLANG_WARN__DUPLICATE_METHOD_MATCH = YES;
				COPY_PHASE_STRIP = NO;
				DEBUG_INFORMATION_FORMAT = "dwarf-with-dsym";
				ENABLE_NS_ASSERTIONS = NO;
				ENABLE_STRICT_OBJC_MSGSEND = YES;
				GCC_C_LANGUAGE_STANDARD = gnu11;
				GCC_NO_COMMON_BLOCKS = YES;
				GCC_WARN_64_TO_32_BIT_CONVERSION = YES;
				GCC_WARN_ABOUT_RETURN_TYPE = YES_ERROR;
				GCC_WARN_UNDECLARED_SELECTOR = YES;
				GCC_WARN_UNINITIALIZED_AUTOS = YES_AGGRESSIVE;
				GCC_WARN_UNUSED_FUNCTION = YES;
				GCC_WARN_UNUSED_VARIABLE = YES;
				IPHONEOS_DEPLOYMENT_TARGET = 16.2;
				MTL_ENABLE_DEBUG_INFO = NO;
				MTL_FAST_MATH = YES;
				SDKROOT = iphoneos;
				SWIFT_COMPILATION_MODE = wholemodule;
				SWIFT_OPTIMIZATION_LEVEL = "-O";
				VALIDATE_PRODUCT = YES;
			};
			name = Release;
		};
		DF0299682A29955D00B7F11D /* Debug */ = {
			isa = XCBuildConfiguration;
			buildSettings = {
				ASSETCATALOG_COMPILER_APPICON_NAME = AppIcon;
				ASSETCATALOG_COMPILER_GLOBAL_ACCENT_COLOR_NAME = AccentColor;
				CODE_SIGN_STYLE = Automatic;
				CURRENT_PROJECT_VERSION = 1;
				DEVELOPMENT_ASSET_PATHS = "\"SwiftUIDemo06/Preview Content\"";
				DEVELOPMENT_TEAM = 475QH33KPT;
				ENABLE_PREVIEWS = YES;
				GENERATE_INFOPLIST_FILE = YES;
				INFOPLIST_KEY_UIApplicationSceneManifest_Generation = YES;
				INFOPLIST_KEY_UIApplicationSupportsIndirectInputEvents = YES;
				INFOPLIST_KEY_UILaunchScreen_Generation = YES;
				INFOPLIST_KEY_UISupportedInterfaceOrientations_iPad = "UIInterfaceOrientationPortrait UIInterfaceOrientationPortraitUpsideDown UIInterfaceOrientationLandscapeLeft UIInterfaceOrientationLandscapeRight";
				INFOPLIST_KEY_UISupportedInterfaceOrientations_iPhone = "UIInterfaceOrientationPortrait UIInterfaceOrientationLandscapeLeft UIInterfaceOrientationLandscapeRight";
				LD_RUNPATH_SEARCH_PATHS = (
					"$(inherited)",
					"@executable_path/Frameworks",
				);
				MARKETING_VERSION = 1.0;
				PRODUCT_BUNDLE_IDENTIFIER = com.uleapp.SwiftUIDemo06;
				PRODUCT_NAME = "$(TARGET_NAME)";
				SWIFT_EMIT_LOC_STRINGS = YES;
				SWIFT_VERSION = 5.0;
				TARGETED_DEVICE_FAMILY = "1,2";
			};
			name = Debug;
		};
		DF0299692A29955D00B7F11D /* Release */ = {
			isa = XCBuildConfiguration;
			buildSettings = {
				ASSETCATALOG_COMPILER_APPICON_NAME = AppIcon;
				ASSETCATALOG_COMPILER_GLOBAL_ACCENT_COLOR_NAME = AccentColor;
				CODE_SIGN_STYLE = Automatic;
				CURRENT_PROJECT_VERSION = 1;
				DEVELOPMENT_ASSET_PATHS = "\"SwiftUIDemo06/Preview Content\"";
				DEVELOPMENT_TEAM = 475QH33KPT;
				ENABLE_PREVIEWS = YES;
				GENERATE_INFOPLIST_FILE = YES;
				INFOPLIST_KEY_UIApplicationSceneManifest_Generation = YES;
				INFOPLIST_KEY_UIApplicationSupportsIndirectInputEvents = YES;
				INFOPLIST_KEY_UILaunchScreen_Generation = YES;
				INFOPLIST_KEY_UISupportedInterfaceOrientations_iPad = "UIInterfaceOrientationPortrait UIInterfaceOrientationPortraitUpsideDown UIInterfaceOrientationLandscapeLeft UIInterfaceOrientationLandscapeRight";
				INFOPLIST_KEY_UISupportedInterfaceOrientations_iPhone = "UIInterfaceOrientationPortrait UIInterfaceOrientationLandscapeLeft UIInterfaceOrientationLandscapeRight";
				LD_RUNPATH_SEARCH_PATHS = (
					"$(inherited)",
					"@executable_path/Frameworks",
				);
				MARKETING_VERSION = 1.0;
				PRODUCT_BUNDLE_IDENTIFIER = com.uleapp.SwiftUIDemo06;
				PRODUCT_NAME = "$(TARGET_NAME)";
				SWIFT_EMIT_LOC_STRINGS = YES;
				SWIFT_VERSION = 5.0;
				TARGETED_DEVICE_FAMILY = "1,2";
			};
			name = Release;
		};
/* End XCBuildConfiguration section */

/* Begin XCConfigurationList section */
		DF0299542A29955C00B7F11D /* Build configuration list for PBXProject "SwiftUIDemo06" */ = {
			isa = XCConfigurationList;
			buildConfigurations = (
				DF0299652A29955D00B7F11D /* Debug */,
				DF0299662A29955D00B7F11D /* Release */,
			);
			defaultConfigurationIsVisible = 0;
			defaultConfigurationName = Release;
		};
		DF0299672A29955D00B7F11D /* Build configuration list for PBXNativeTarget "SwiftUIDemo06" */ = {
			isa = XCConfigurationList;
			buildConfigurations = (
				DF0299682A29955D00B7F11D /* Debug */,
				DF0299692A29955D00B7F11D /* Release */,
			);
			defaultConfigurationIsVisible = 0;
			defaultConfigurationName = Release;
		};
/* End XCConfigurationList section */
	};
	rootObject = DF0299512A29955C00B7F11D /* Project object */;
}
